
Microsoft Visual Studio Solution File, Format Version 12.00
# Visual Studio Version 16
VisualStudioVersion = 16.0.31613.86
MinimumVisualStudioVersion = 10.0.40219.1
Project("{FAE04EC0-301F-11D3-BF4B-00C04F79EFBC}") = "BestWayToManageString", "BestWayToManageString.csproj", "{D94FF67B-50D9-42ED-8CFF-604A358DDC64}"
EndProject
Global
	GlobalSection(SolutionConfigurationPlatforms) = preSolution
		Debug|Any CPU = Debug|Any CPU
		Release|Any CPU = Release|Any CPU
	EndGlobalSection
	GlobalSection(ProjectConfigurationPlatforms) = postSolution
		{D94FF67B-50D9-42ED-8CFF-604A358DDC64}.Debug|Any CPU.ActiveCfg = Debug|Any CPU
		{D94FF67B-50D9-42ED-8CFF-604A358DDC64}.Debug|Any CPU.Build.0 = Debug|Any CPU
		{D94FF67B-50D9-42ED-8CFF-604A358DDC64}.Release|Any CPU.ActiveCfg = Release|Any CPU
		{D94FF67B-50D9-42ED-8CFF-604A358DDC64}.Release|Any CPU.Build.0 = Release|Any CPU
	EndGlobalSection
	GlobalSection(SolutionProperties) = preSolution
		HideSolutionNode = FALSE
	EndGlobalSection
	GlobalSection(ExtensibilityGlobals) = postSolution
		SolutionGuid = {90951736-B1E8-44A8-8D96-807CEA33DBBE}
	EndGlobalSection
EndGlobal
